dependencies:
- name: common
  repository: file://../../common
  version: 0.1.0
- name: auth-service
  repository: file://../../components/auth-service
  version: 0.1.0
- name: product-service
  repository: file://../../components/product-service
  version: 0.1.0
digest: sha256:f31da6fe026a3a05ca1e92b75f1184fcc848bc5c095e25bdea10dbf5e9831cdf
generated: "2023-04-07T21:26:18.130502+02:00"
